
Microsoft Visual Studio Solution File, Format Version 12.00
# Visual Studio 15
VisualStudioVersion = 15.0.26430.13
MinimumVisualStudioVersion = 10.0.40219.1
Project("{FAE04EC0-301F-11D3-BF4B-00C04F79EFBC}") = "LetsDoServer", "LetsDoServer\LetsDoServer.csproj", "{CB25858A-A94C-46CA-A9C7-BCC482BB0EC6}"
EndProject
Project("{FAE04EC0-301F-11D3-BF4B-00C04F79EFBC}") = "DataTypes", "DataTypes\DataTypes.csproj", "{B321AB34-CAC7-431D-9F98-E7322C05A329}"
EndProject
Global
	GlobalSection(SolutionConfigurationPlatforms) = preSolution
		Debug|Any CPU = Debug|Any CPU
		Release|Any CPU = Release|Any CPU
	EndGlobalSection
	GlobalSection(ProjectConfigurationPlatforms) = postSolution
		{CB25858A-A94C-46CA-A9C7-BCC482BB0EC6}.Debug|Any CPU.ActiveCfg = Debug|Any CPU
		{CB25858A-A94C-46CA-A9C7-BCC482BB0EC6}.Debug|Any CPU.Build.0 = Debug|Any CPU
		{CB25858A-A94C-46CA-A9C7-BCC482BB0EC6}.Release|Any CPU.ActiveCfg = Release|Any CPU
		{CB25858A-A94C-46CA-A9C7-BCC482BB0EC6}.Release|Any CPU.Build.0 = Release|Any CPU
		{B321AB34-CAC7-431D-9F98-E7322C05A329}.Debug|Any CPU.ActiveCfg = Debug|Any CPU
		{B321AB34-CAC7-431D-9F98-E7322C05A329}.Debug|Any CPU.Build.0 = Debug|Any CPU
		{B321AB34-CAC7-431D-9F98-E7322C05A329}.Release|Any CPU.ActiveCfg = Release|Any CPU
		{B321AB34-CAC7-431D-9F98-E7322C05A329}.Release|Any CPU.Build.0 = Release|Any CPU
	EndGlobalSection
	GlobalSection(SolutionProperties) = preSolution
		HideSolutionNode = FALSE
	EndGlobalSection
EndGlobal
